// !$*UTF8*$!
{
	archiveVersion = 1;
	classes = {
	};
	objectVersion = 46;
	objects = {

/* Begin PBXBuildFile section */
		D51502B31D05210F00490CA8 /* MessageTableViewCell.swift in Sources */ = {isa = PBXBuildFile; fileRef = D51502B21D05210F00490CA8 /* MessageTableViewCell.swift */; };
		D51502B61D0548C400490CA8 /* SetTableViewCell.swift in Sources */ = {isa = PBXBuildFile; fileRef = D51502B51D0548C400490CA8 /* SetTableViewCell.swift */; };
		D51502B91D0554C200490CA8 /* PersonTopView.swift in Sources */ = {isa = PBXBuildFile; fileRef = D51502B81D0554C200490CA8 /* PersonTopView.swift */; };
		D51502BB1D05578D00490CA8 /* PersonTableViewCell.swift in Sources */ = {isa = PBXBuildFile; fileRef = D51502BA1D05578D00490CA8 /* PersonTableViewCell.swift */; };
		D53DBD661CFEB5C000FBF46B /* AppDelegate.swift in Sources */ = {isa = PBXBuildFile; fileRef = D53DBD651CFEB5C000FBF46B /* AppDelegate.swift */; };
		D53DBD6B1CFEB5C000FBF46B /* Main.storyboard in Resources */ = {isa = PBXBuildFile; fileRef = D53DBD691CFEB5C000FBF46B /* Main.storyboard */; };
		D53DBD6D1CFEB5C000FBF46B /* Assets.xcassets in Resources */ = {isa = PBXBuildFile; fileRef = D53DBD6C1CFEB5C000FBF46B /* Assets.xcassets */; };
		D53DBD701CFEB5C000FBF46B /* LaunchScreen.storyboard in Resources */ = {isa = PBXBuildFile; fileRef = D53DBD6E1CFEB5C000FBF46B /* LaunchScreen.storyboard */; };
		D53DBD7B1CFEB5C000FBF46B /* SwiftLoginTests.swift in Sources */ = {isa = PBXBuildFile; fileRef = D53DBD7A1CFEB5C000FBF46B /* SwiftLoginTests.swift */; };
		D53DBD861CFEB5C000FBF46B /* SwiftLoginUITests.swift in Sources */ = {isa = PBXBuildFile; fileRef = D53DBD851CFEB5C000FBF46B /* SwiftLoginUITests.swift */; };
		D54FC1D81D0129C4005FFE64 /* SetViewController.swift in Sources */ = {isa = PBXBuildFile; fileRef = D54FC1D71D0129C4005FFE64 /* SetViewController.swift */; };
		D54FC1DA1D012AB5005FFE64 /* PersonViewController.swift in Sources */ = {isa = PBXBuildFile; fileRef = D54FC1D91D012AB5005FFE64 /* PersonViewController.swift */; };
		D54FC1DC1D012AF0005FFE64 /* MessageViewController.swift in Sources */ = {isa = PBXBuildFile; fileRef = D54FC1DB1D012AF0005FFE64 /* MessageViewController.swift */; };
		D54FC1DE1D012B77005FFE64 /* NavgationViewController.swift in Sources */ = {isa = PBXBuildFile; fileRef = D54FC1DD1D012B77005FFE64 /* NavgationViewController.swift */; };
		D54FC1E01D01534B005FFE64 /* HomeTableViewCell.swift in Sources */ = {isa = PBXBuildFile; fileRef = D54FC1DF1D01534B005FFE64 /* HomeTableViewCell.swift */; };
		D5591F6C1D0012BC00A2630B /* TabBarView.swift in Sources */ = {isa = PBXBuildFile; fileRef = D5591F6B1D0012BC00A2630B /* TabBarView.swift */; };
		D5591F731D00136F00A2630B /* TabBarViewController.swift in Sources */ = {isa = PBXBuildFile; fileRef = D5591F721D00136F00A2630B /* TabBarViewController.swift */; };
		D5591F751D00137600A2630B /* HomeViewController.swift in Sources */ = {isa = PBXBuildFile; fileRef = D5591F741D00137600A2630B /* HomeViewController.swift */; };
		D5591F771D00137E00A2630B /* ViewController.swift in Sources */ = {isa = PBXBuildFile; fileRef = D5591F761D00137E00A2630B /* ViewController.swift */; };
/* End PBXBuildFile section */

/* Begin PBXContainerItemProxy section */
		D53DBD771CFEB5C000FBF46B /* PBXContainerItemProxy */ = {
			isa = PBXContainerItemProxy;
			containerPortal = D53DBD5A1CFEB5C000FBF46B /* Project object */;
			proxyType = 1;
			remoteGlobalIDString = D53DBD611CFEB5C000FBF46B;
			remoteInfo = SwiftLogin;
		};
		D53DBD821CFEB5C000FBF46B /* PBXContainerItemProxy */ = {
			isa = PBXContainerItemProxy;
			containerPortal = D53DBD5A1CFEB5C000FBF46B /* Project object */;
			proxyType = 1;
			remoteGlobalIDString = D53DBD611CFEB5C000FBF46B;
			remoteInfo = SwiftLogin;
		};
/* End PBXContainerItemProxy section */

/* Begin PBXFileReference section */
		D51502B21D05210F00490CA8 /* MessageTableViewCell.swift */ = {isa = PBXFileReference; fileEncoding = 4; lastKnownFileType = sourcecode.swift; path = MessageTableViewCell.swift; sourceTree = "<group>"; };
		D51502B51D0548C400490CA8 /* SetTableViewCell.swift */ = {isa = PBXFileReference; fileEncoding = 4; lastKnownFileType = sourcecode.swift; path = SetTableViewCell.swift; sourceTree = "<group>"; };
		D51502B81D0554C200490CA8 /* PersonTopView.swift */ = {isa = PBXFileReference; fileEncoding = 4; lastKnownFileType = sourcecode.swift; path = PersonTopView.swift; sourceTree = "<group>"; };
		D51502BA1D05578D00490CA8 /* PersonTableViewCell.swift */ = {isa = PBXFileReference; fileEncoding = 4; lastKnownFileType = sourcecode.swift; path = PersonTableViewCell.swift; sourceTree = "<group>"; };
		D53DBD621CFEB5C000FBF46B /* SwiftLogin.app */ = {isa = PBXFileReference; explicitFileType = wrapper.application; includeInIndex = 0; path = SwiftLogin.app; sourceTree = BUILT_PRODUCTS_DIR; };
		D53DBD651CFEB5C000FBF46B /* AppDelegate.swift */ = {isa = PBXFileReference; lastKnownFileType = sourcecode.swift; path = AppDelegate.swift; sourceTree = "<group>"; };
		D53DBD6A1CFEB5C000FBF46B /* Base */ = {isa = PBXFileReference; lastKnownFileType = file.storyboard; name = Base; path = Base.lproj/Main.storyboard; sourceTree = "<group>"; };
		D53DBD6C1CFEB5C000FBF46B /* Assets.xcassets */ = {isa = PBXFileReference; lastKnownFileType = folder.assetcatalog; path = Assets.xcassets; sourceTree = "<group>"; };
		D53DBD6F1CFEB5C000FBF46B /* Base */ = {isa = PBXFileReference; lastKnownFileType = file.storyboard; name = Base; path = Base.lproj/LaunchScreen.storyboard; sourceTree = "<group>"; };
		D53DBD711CFEB5C000FBF46B /* Info.plist */ = {isa = PBXFileReference; lastKnownFileType = text.plist.xml; path = Info.plist; sourceTree = "<group>"; };
		D53DBD761CFEB5C000FBF46B /* SwiftLoginTests.xctest */ = {isa = PBXFileReference; explicitFileType = wrapper.cfbundle; includeInIndex = 0; path = SwiftLoginTests.xctest; sourceTree = BUILT_PRODUCTS_DIR; };
		D53DBD7A1CFEB5C000FBF46B /* SwiftLoginTests.swift */ = {isa = PBXFileReference; lastKnownFileType = sourcecode.swift; path = SwiftLoginTests.swift; sourceTree = "<group>"; };
		D53DBD7C1CFEB5C000FBF46B /* Info.plist */ = {isa = PBXFileReference; lastKnownFileType = text.plist.xml; path = Info.plist; sourceTree = "<group>"; };
		D53DBD811CFEB5C000FBF46B /* SwiftLoginUITests.xctest */ = {isa = PBXFileReference; explicitFileType = wrapper.cfbundle; includeInIndex = 0; path = SwiftLoginUITests.xctest; sourceTree = BUILT_PRODUCTS_DIR; };
		D53DBD851CFEB5C000FBF46B /* SwiftLoginUITests.swift */ = {isa = PBXFileReference; lastKnownFileType = sourcecode.swift; path = SwiftLoginUITests.swift; sourceTree = "<group>"; };
		D53DBD871CFEB5C000FBF46B /* Info.plist */ = {isa = PBXFileReference; lastKnownFileType = text.plist.xml; path = Info.plist; sourceTree = "<group>"; };
		D54FC1D31D0117E8005FFE64 /* PrefixHeader.pch */ = {isa = PBXFileReference; fileEncoding = 4; lastKnownFileType = sourcecode.c.h; path = PrefixHeader.pch; sourceTree = "<group>"; };
		D54FC1D71D0129C4005FFE64 /* SetViewController.swift */ = {isa = PBXFileReference; fileEncoding = 4; lastKnownFileType = sourcecode.swift; path = SetViewController.swift; sourceTree = "<group>"; };
		D54FC1D91D012AB5005FFE64 /* PersonViewController.swift */ = {isa = PBXFileReference; fileEncoding = 4; lastKnownFileType = sourcecode.swift; path = PersonViewController.swift; sourceTree = "<group>"; };
		D54FC1DB1D012AF0005FFE64 /* MessageViewController.swift */ = {isa = PBXFileReference; fileEncoding = 4; lastKnownFileType = sourcecode.swift; path = MessageViewController.swift; sourceTree = "<group>"; };
		D54FC1DD1D012B77005FFE64 /* NavgationViewController.swift */ = {isa = PBXFileReference; fileEncoding = 4; lastKnownFileType = sourcecode.swift; path = NavgationViewController.swift; sourceTree = "<group>"; };
		D54FC1DF1D01534B005FFE64 /* HomeTableViewCell.swift */ = {isa = PBXFileReference; fileEncoding = 4; lastKnownFileType = sourcecode.swift; path = HomeTableViewCell.swift; sourceTree = "<group>"; };
		D5591F6B1D0012BC00A2630B /* TabBarView.swift */ = {isa = PBXFileReference; fileEncoding = 4; lastKnownFileType = sourcecode.swift; path = TabBarView.swift; sourceTree = "<group>"; };
		D5591F721D00136F00A2630B /* TabBarViewController.swift */ = {isa = PBXFileReference; fileEncoding = 4; lastKnownFileType = sourcecode.swift; path = TabBarViewController.swift; sourceTree = "<group>"; };
		D5591F741D00137600A2630B /* HomeViewController.swift */ = {isa = PBXFileReference; fileEncoding = 4; lastKnownFileType = sourcecode.swift; path = HomeViewController.swift; sourceTree = "<group>"; };
		D5591F761D00137E00A2630B /* ViewController.swift */ = {isa = PBXFileReference; fileEncoding = 4; lastKnownFileType = sourcecode.swift; path = ViewController.swift; sourceTree = "<group>"; };
/* End PBXFileReference section */

/* Begin PBXFrameworksBuildPhase section */
		D53DBD5F1CFEB5C000FBF46B /* Frameworks */ = {
			isa = PBXFrameworksBuildPhase;
			buildActionMask = 2147483647;
			files = (
			);
			runOnlyForDeploymentPostprocessing = 0;
		};
		D53DBD731CFEB5C000FBF46B /* Frameworks */ = {
			isa = PBXFrameworksBuildPhase;
			buildActionMask = 2147483647;
			files = (
			);
			runOnlyForDeploymentPostprocessing = 0;
		};
		D53DBD7E1CFEB5C000FBF46B /* Frameworks */ = {
			isa = PBXFrameworksBuildPhase;
			buildActionMask = 2147483647;
			files = (
			);
			runOnlyForDeploymentPostprocessing = 0;
		};
/* End PBXFrameworksBuildPhase section */

/* Begin PBXGroup section */
		D51502B11D05210000490CA8 /* MessageViews */ = {
			isa = PBXGroup;
			children = (
				D51502B21D05210F00490CA8 /* MessageTableViewCell.swift */,
			);
			path = MessageViews;
			sourceTree = "<group>";
		};
		D51502B41D0548AF00490CA8 /* SetViews */ = {
			isa = PBXGroup;
			children = (
				D51502B51D0548C400490CA8 /* SetTableViewCell.swift */,
			);
			path = SetViews;
			sourceTree = "<group>";
		};
		D51502B71D0554AE00490CA8 /* PersonViews */ = {
			isa = PBXGroup;
			children = (
				D51502B81D0554C200490CA8 /* PersonTopView.swift */,
				D51502BA1D05578D00490CA8 /* PersonTableViewCell.swift */,
			);
			path = PersonViews;
			sourceTree = "<group>";
		};
		D53DBD591CFEB5C000FBF46B = {
			isa = PBXGroup;
			children = (
				D53DBD641CFEB5C000FBF46B /* SwiftLogin */,
				D53DBD791CFEB5C000FBF46B /* SwiftLoginTests */,
				D53DBD841CFEB5C000FBF46B /* SwiftLoginUITests */,
				D53DBD631CFEB5C000FBF46B /* Products */,
			);
			sourceTree = "<group>";
		};
		D53DBD631CFEB5C000FBF46B /* Products */ = {
			isa = PBXGroup;
			children = (
				D53DBD621CFEB5C000FBF46B /* SwiftLogin.app */,
				D53DBD761CFEB5C000FBF46B /* SwiftLoginTests.xctest */,
				D53DBD811CFEB5C000FBF46B /* SwiftLoginUITests.xctest */,
			);
			name = Products;
			sourceTree = "<group>";
		};
		D53DBD641CFEB5C000FBF46B /* SwiftLogin */ = {
			isa = PBXGroup;
			children = (
				D5591F6D1D0012F300A2630B /* Controllers */,
				D5591F691D0012AB00A2630B /* Views */,
				D53DBD651CFEB5C000FBF46B /* AppDelegate.swift */,
				D53DBD691CFEB5C000FBF46B /* Main.storyboard */,
				D53DBD6C1CFEB5C000FBF46B /* Assets.xcassets */,
				D53DBD6E1CFEB5C000FBF46B /* LaunchScreen.storyboard */,
				D53DBD711CFEB5C000FBF46B /* Info.plist */,
				D54FC1D31D0117E8005FFE64 /* PrefixHeader.pch */,
			);
			path = SwiftLogin;
			sourceTree = "<group>";
		};
		D53DBD791CFEB5C000FBF46B /* SwiftLoginTests */ = {
			isa = PBXGroup;
			children = (
				D53DBD7A1CFEB5C000FBF46B /* SwiftLoginTests.swift */,
				D53DBD7C1CFEB5C000FBF46B /* Info.plist */,
			);
			path = SwiftLoginTests;
			sourceTree = "<group>";
		};
		D53DBD841CFEB5C000FBF46B /* SwiftLoginUITests */ = {
			isa = PBXGroup;
			children = (
				D53DBD851CFEB5C000FBF46B /* SwiftLoginUITests.swift */,
				D53DBD871CFEB5C000FBF46B /* Info.plist */,
			);
			path = SwiftLoginUITests;
			sourceTree = "<group>";
		};
		D54FC1D41D0129AF005FFE64 /* MessageViewControllers */ = {
			isa = PBXGroup;
			children = (
				D54FC1DB1D012AF0005FFE64 /* MessageViewController.swift */,
			);
			path = MessageViewControllers;
			sourceTree = "<group>";
		};
		D54FC1D51D0129AF005FFE64 /* PersonViewControllers */ = {
			isa = PBXGroup;
			children = (
				D54FC1D91D012AB5005FFE64 /* PersonViewController.swift */,
			);
			path = PersonViewControllers;
			sourceTree = "<group>";
		};
		D54FC1D61D0129AF005FFE64 /* SetViewControllers */ = {
			isa = PBXGroup;
			children = (
				D54FC1D71D0129C4005FFE64 /* SetViewController.swift */,
			);
			path = SetViewControllers;
			sourceTree = "<group>";
		};
		D5591F691D0012AB00A2630B /* Views */ = {
			isa = PBXGroup;
			children = (
				D51502B71D0554AE00490CA8 /* PersonViews */,
				D51502B41D0548AF00490CA8 /* SetViews */,
				D51502B11D05210000490CA8 /* MessageViews */,
				D5591F6A1D0012AB00A2630B /* HomeViews */,
			);
			path = Views;
			sourceTree = "<group>";
		};
		D5591F6A1D0012AB00A2630B /* HomeViews */ = {
			isa = PBXGroup;
			children = (
				D5591F6B1D0012BC00A2630B /* TabBarView.swift */,
				D54FC1DF1D01534B005FFE64 /* HomeTableViewCell.swift */,
			);
			path = HomeViews;
			sourceTree = "<group>";
		};
		D5591F6D1D0012F300A2630B /* Controllers */ = {
			isa = PBXGroup;
			children = (
				D5591F6E1D0012F300A2630B /* SupperViewController */,
				D5591F6F1D0012F300A2630B /* ViewControllers */,
			);
			path = Controllers;
			sourceTree = "<group>";
		};
		D5591F6E1D0012F300A2630B /* SupperViewController */ = {
			isa = PBXGroup;
			children = (
				D5591F721D00136F00A2630B /* TabBarViewController.swift */,
				D54FC1DD1D012B77005FFE64 /* NavgationViewController.swift */,
			);
			path = SupperViewController;
			sourceTree = "<group>";
		};
		D5591F6F1D0012F300A2630B /* ViewControllers */ = {
			isa = PBXGroup;
			children = (
				D54FC1D41D0129AF005FFE64 /* MessageViewControllers */,
				D54FC1D51D0129AF005FFE64 /* PersonViewControllers */,
				D54FC1D61D0129AF005FFE64 /* SetViewControllers */,
				D5591F701D00133200A2630B /* HomeViewControllers */,
				D5591F711D00133200A2630B /* LoginViewControllers */,
			);
			path = ViewControllers;
			sourceTree = "<group>";
		};
		D5591F701D00133200A2630B /* HomeViewControllers */ = {
			isa = PBXGroup;
			children = (
				D5591F741D00137600A2630B /* HomeViewController.swift */,
			);
			path = HomeViewControllers;
			sourceTree = "<group>";
		};
		D5591F711D00133200A2630B /* LoginViewControllers */ = {
			isa = PBXGroup;
			children = (
				D5591F761D00137E00A2630B /* ViewController.swift */,
			);
			path = LoginViewControllers;
			sourceTree = "<group>";
		};
/* End PBXGroup section */

/* Begin PBXNativeTarget section */
		D53DBD611CFEB5C000FBF46B /* SwiftLogin */ = {
			isa = PBXNativeTarget;
			buildConfigurationList = D53DBD8A1CFEB5C000FBF46B /* Build configuration list for PBXNativeTarget "SwiftLogin" */;
			buildPhases = (
				D53DBD5E1CFEB5C000FBF46B /* Sources */,
				D53DBD5F1CFEB5C000FBF46B /* Frameworks */,
				D53DBD601CFEB5C000FBF46B /* Resources */,
			);
			buildRules = (
			);
			dependencies = (
			);
			name = SwiftLogin;
			productName = SwiftLogin;
			productReference = D53DBD621CFEB5C000FBF46B /* SwiftLogin.app */;
			productType = "com.apple.product-type.application";
		};
		D53DBD751CFEB5C000FBF46B /* SwiftLoginTests */ = {
			isa = PBXNativeTarget;
			buildConfigurationList = D53DBD8D1CFEB5C000FBF46B /* Build configuration list for PBXNativeTarget "SwiftLoginTests" */;
			buildPhases = (
				D53DBD721CFEB5C000FBF46B /* Sources */,
				D53DBD731CFEB5C000FBF46B /* Frameworks */,
				D53DBD741CFEB5C000FBF46B /* Resources */,
			);
			buildRules = (
			);
			dependencies = (
				D53DBD781CFEB5C000FBF46B /* PBXTargetDependency */,
			);
			name = SwiftLoginTests;
			productName = SwiftLoginTests;
			productReference = D53DBD761CFEB5C000FBF46B /* SwiftLoginTests.xctest */;
			productType = "com.apple.product-type.bundle.unit-test";
		};
		D53DBD801CFEB5C000FBF46B /* SwiftLoginUITests */ = {
			isa = PBXNativeTarget;
			buildConfigurationList = D53DBD901CFEB5C000FBF46B /* Build configuration list for PBXNativeTarget "SwiftLoginUITests" */;
			buildPhases = (
				D53DBD7D1CFEB5C000FBF46B /* Sources */,
				D53DBD7E1CFEB5C000FBF46B /* Frameworks */,
				D53DBD7F1CFEB5C000FBF46B /* Resources */,
			);
			buildRules = (
			);
			dependencies = (
				D53DBD831CFEB5C000FBF46B /* PBXTargetDependency */,
			);
			name = SwiftLoginUITests;
			productName = SwiftLoginUITests;
			productReference = D53DBD811CFEB5C000FBF46B /* SwiftLoginUITests.xctest */;
			productType = "com.apple.product-type.bundle.ui-testing";
		};
/* End PBXNativeTarget section */

/* Begin PBXProject section */
		D53DBD5A1CFEB5C000FBF46B /* Project object */ = {
			isa = PBXProject;
			attributes = {
				LastSwiftUpdateCheck = 0730;
				LastUpgradeCheck = 0730;
				ORGANIZATIONNAME = HeavenLi;
				TargetAttributes = {
					D53DBD611CFEB5C000FBF46B = {
						CreatedOnToolsVersion = 7.3.1;
						DevelopmentTeam = Y4TBS3ALZB;
					};
					D53DBD751CFEB5C000FBF46B = {
						CreatedOnToolsVersion = 7.3.1;
						TestTargetID = D53DBD611CFEB5C000FBF46B;
					};
					D53DBD801CFEB5C000FBF46B = {
						CreatedOnToolsVersion = 7.3.1;
						TestTargetID = D53DBD611CFEB5C000FBF46B;
					};
				};
			};
			buildConfigurationList = D53DBD5D1CFEB5C000FBF46B /* Build configuration list for PBXProject "SwiftLogin" */;
			compatibilityVersion = "Xcode 3.2";
			developmentRegion = English;
			hasScannedForEncodings = 0;
			knownRegions = (
				en,
				Base,
			);
			mainGroup = D53DBD591CFEB5C000FBF46B;
			productRefGroup = D53DBD631CFEB5C000FBF46B /* Products */;
			projectDirPath = "";
			projectRoot = "";
			targets = (
				D53DBD611CFEB5C000FBF46B /* SwiftLogin */,
				D53DBD751CFEB5C000FBF46B /* SwiftLoginTests */,
				D53DBD801CFEB5C000FBF46B /* SwiftLoginUITests */,
			);
		};
/* End PBXProject section */

/* Begin PBXResourcesBuildPhase section */
		D53DBD601CFEB5C000FBF46B /* Resources */ = {
			isa = PBXResourcesBuildPhase;
			buildActionMask = 2147483647;
			files = (
				D53DBD701CFEB5C000FBF46B /* LaunchScreen.storyboard in Resources */,
				D53DBD6D1CFEB5C000FBF46B /* Assets.xcassets in Resources */,
				D53DBD6B1CFEB5C000FBF46B /* Main.storyboard in Resources */,
			);
			runOnlyForDeploymentPostprocessing = 0;
		};
		D53DBD741CFEB5C000FBF46B /* Resources */ = {
			isa = PBXResourcesBuildPhase;
			buildActionMask = 2147483647;
			files = (
			);
			runOnlyForDeploymentPostprocessing = 0;
		};
		D53DBD7F1CFEB5C000FBF46B /* Resources */ = {
			isa = PBXResourcesBuildPhase;
			buildActionMask = 2147483647;
			files = (
			);
			runOnlyForDeploymentPostprocessing = 0;
		};
/* End PBXResourcesBuildPhase section */

/* Begin PBXSourcesBuildPhase section */
		D53DBD5E1CFEB5C000FBF46B /* Sources */ = {
			isa = PBXSourcesBuildPhase;
			buildActionMask = 2147483647;
			files = (
				D51502B61D0548C400490CA8 /* SetTableViewCell.swift in Sources */,
				D51502B91D0554C200490CA8 /* PersonTopView.swift in Sources */,
				D5591F771D00137E00A2630B /* ViewController.swift in Sources */,
				D54FC1D81D0129C4005FFE64 /* SetViewController.swift in Sources */,
				D54FC1DE1D012B77005FFE64 /* NavgationViewController.swift in Sources */,
				D54FC1DC1D012AF0005FFE64 /* MessageViewController.swift in Sources */,
				D51502B31D05210F00490CA8 /* MessageTableViewCell.swift in Sources */,
				D53DBD661CFEB5C000FBF46B /* AppDelegate.swift in Sources */,
				D54FC1DA1D012AB5005FFE64 /* PersonViewController.swift in Sources */,
				D54FC1E01D01534B005FFE64 /* HomeTableViewCell.swift in Sources */,
				D5591F731D00136F00A2630B /* TabBarViewController.swift in Sources */,
				D5591F6C1D0012BC00A2630B /* TabBarView.swift in Sources */,
				D51502BB1D05578D00490CA8 /* PersonTableViewCell.swift in Sources */,
				D5591F751D00137600A2630B /* HomeViewController.swift in Sources */,
			);
			runOnlyForDeploymentPostprocessing = 0;
		};
		D53DBD721CFEB5C000FBF46B /* Sources */ = {
			isa = PBXSourcesBuildPhase;
			buildActionMask = 2147483647;
			files = (
				D53DBD7B1CFEB5C000FBF46B /* SwiftLoginTests.swift in Sources */,
			);
			runOnlyForDeploymentPostprocessing = 0;
		};
		D53DBD7D1CFEB5C000FBF46B /* Sources */ = {
			isa = PBXSourcesBuildPhase;
			buildActionMask = 2147483647;
			files = (
				D53DBD861CFEB5C000FBF46B /* SwiftLoginUITests.swift in Sources */,
			);
			runOnlyForDeploymentPostprocessing = 0;
		};
/* End PBXSourcesBuildPhase section */

/* Begin PBXTargetDependency section */
		D53DBD781CFEB5C000FBF46B /* PBXTargetDependency */ = {
			isa = PBXTargetDependency;
			target = D53DBD611CFEB5C000FBF46B /* SwiftLogin */;
			targetProxy = D53DBD771CFEB5C000FBF46B /* PBXContainerItemProxy */;
		};
		D53DBD831CFEB5C000FBF46B /* PBXTargetDependency */ = {
			isa = PBXTargetDependency;
			target = D53DBD611CFEB5C000FBF46B /* SwiftLogin */;
			targetProxy = D53DBD821CFEB5C000FBF46B /* PBXContainerItemProxy */;
		};
/* End PBXTargetDependency section */

/* Begin PBXVariantGroup section */
		D53DBD691CFEB5C000FBF46B /* Main.storyboard */ = {
			isa = PBXVariantGroup;
			children = (
				D53DBD6A1CFEB5C000FBF46B /* Base */,
			);
			name = Main.storyboard;
			sourceTree = "<group>";
		};
		D53DBD6E1CFEB5C000FBF46B /* LaunchScreen.storyboard */ = {
			isa = PBXVariantGroup;
			children = (
				D53DBD6F1CFEB5C000FBF46B /* Base */,
			);
			name = LaunchScreen.storyboard;
			sourceTree = "<group>";
		};
/* End PBXVariantGroup section */

/* Begin XCBuildConfiguration section */
		D53DBD881CFEB5C000FBF46B /* Debug */ = {
			isa = XCBuildConfiguration;
			buildSettings = {
				ALWAYS_SEARCH_USER_PATHS = NO;
				CLANG_ANALYZER_NONNULL = YES;
				CLANG_CXX_LANGUAGE_STANDARD = "gnu++0x";
				CLANG_CXX_LIBRARY = "libc++";
				CLANG_ENABLE_MODULES = YES;
				CLANG_ENABLE_OBJC_ARC = YES;
				CLANG_WARN_BOOL_CONVERSION = YES;
				CLANG_WARN_CONSTANT_CONVERSION = YES;
				CLANG_WARN_DIRECT_OBJC_ISA_USAGE = YES_ERROR;
				CLANG_WARN_EMPTY_BODY = YES;
				CLANG_WARN_ENUM_CONVERSION = YES;
				CLANG_WARN_INT_CONVERSION = YES;
				CLANG_WARN_OBJC_ROOT_CLASS = YES_ERROR;
				CLANG_WARN_UNREACHABLE_CODE = YES;
				CLANG_WARN__DUPLICATE_METHOD_MATCH = YES;
				"CODE_SIGN_IDENTITY[sdk=iphoneos*]" = "iPhone Developer";
				COPY_PHASE_STRIP = NO;
				DEBUG_INFORMATION_FORMAT = dwarf;
				ENABLE_STRICT_OBJC_MSGSEND = YES;
				ENABLE_TESTABILITY = YES;
				GCC_C_LANGUAGE_STANDARD = gnu99;
				GCC_DYNAMIC_NO_PIC = NO;
				GCC_NO_COMMON_BLOCKS = YES;
				GCC_OPTIMIZATION_LEVEL = 0;
				GCC_PREPROCESSOR_DEFINITIONS = (
					"DEBUG=1",
					"$(inherited)",
				);
				GCC_WARN_64_TO_32_BIT_CONVERSION = YES;
				GCC_WARN_ABOUT_RETURN_TYPE = YES_ERROR;
				GCC_WARN_UNDECLARED_SELECTOR = YES;
				GCC_WARN_UNINITIALIZED_AUTOS = YES_AGGRESSIVE;
				GCC_WARN_UNUSED_FUNCTION = YES;
				GCC_WARN_UNUSED_VARIABLE = YES;
				IPHONEOS_DEPLOYMENT_TARGET = 9.3;
				MTL_ENABLE_DEBUG_INFO = YES;
				ONLY_ACTIVE_ARCH = YES;
				SDKROOT = iphoneos;
				SWIFT_OPTIMIZATION_LEVEL = "-Onone";
				TARGETED_DEVICE_FAMILY = "1,2";
			};
			name = Debug;
		};
		D53DBD891CFEB5C000FBF46B /* Release */ = {
			isa = XCBuildConfiguration;
			buildSettings = {
				ALWAYS_SEARCH_USER_PATHS = NO;
				CLANG_ANALYZER_NONNULL = YES;
				CLANG_CXX_LANGUAGE_STANDARD = "gnu++0x";
				CLANG_CXX_LIBRARY = "libc++";
				CLANG_ENABLE_MODULES = YES;
				CLANG_ENABLE_OBJC_ARC = YES;
				CLANG_WARN_BOOL_CONVERSION = YES;
				CLANG_WARN_CONSTANT_CONVERSION = YES;
				CLANG_WARN_DIRECT_OBJC_ISA_USAGE = YES_ERROR;
				CLANG_WARN_EMPTY_BODY = YES;
				CLANG_WARN_ENUM_CONVERSION = YES;
				CLANG_WARN_INT_CONVERSION = YES;
				CLANG_WARN_OBJC_ROOT_CLASS = YES_ERROR;
				CLANG_WARN_UNREACHABLE_CODE = YES;
				CLANG_WARN__DUPLICATE_METHOD_MATCH = YES;
				"CODE_SIGN_IDENTITY[sdk=iphoneos*]" = "iPhone Developer";
				COPY_PHASE_STRIP = NO;
				DEBUG_INFORMATION_FORMAT = "dwarf-with-dsym";
				ENABLE_NS_ASSERTIONS = NO;
				ENABLE_STRICT_OBJC_MSGSEND = YES;
				GCC_C_LANGUAGE_STANDARD = gnu99;
				GCC_NO_COMMON_BLOCKS = YES;
				GCC_WARN_64_TO_32_BIT_CONVERSION = YES;
				GCC_WARN_ABOUT_RETURN_TYPE = YES_ERROR;
				GCC_WARN_UNDECLARED_SELECTOR = YES;
				GCC_WARN_UNINITIALIZED_AUTOS = YES_AGGRESSIVE;
				GCC_WARN_UNUSED_FUNCTION = YES;
				GCC_WARN_UNUSED_VARIABLE = YES;
				IPHONEOS_DEPLOYMENT_TARGET = 9.3;
				MTL_ENABLE_DEBUG_INFO = NO;
				SDKROOT = iphoneos;
				TARGETED_DEVICE_FAMILY = "1,2";
				VALIDATE_PRODUCT = YES;
			};
			name = Release;
		};
		D53DBD8B1CFEB5C000FBF46B /* Debug */ = {
			isa = XCBuildConfiguration;
			buildSettings = {
				ASSETCATALOG_COMPILER_APPICON_NAME = AppIcon;
				CODE_SIGN_IDENTITY = "iPhone Developer";
				"CODE_SIGN_IDENTITY[sdk=iphoneos*]" = "iPhone Developer";
				GCC_PRECOMPILE_PREFIX_HEADER = YES;
				GCC_PREFIX_HEADER = "/Users/heavenli/Desktop/Demo程序/SwiftLogin/SwiftLogin/PrefixHeader.pch";
				INFOPLIST_FILE = SwiftLogin/Info.plist;
				IPHONEOS_DEPLOYMENT_TARGET = 8.0;
				LD_RUNPATH_SEARCH_PATHS = "$(inherited) @executable_path/Frameworks";
				PRODUCT_BUNDLE_IDENTIFIER = sfb.SwiftLogin;
				PRODUCT_NAME = "$(TARGET_NAME)";
				PROVISIONING_PROFILE = "";
				SWIFT_OBJC_BRIDGING_HEADER = "/Users/heavenli/Desktop/Demo程序/SwiftLogin/SwiftLogin/PrefixHeader.pch";
			};
			name = Debug;
		};
		D53DBD8C1CFEB5C000FBF46B /* Release */ = {
			isa = XCBuildConfiguration;
			buildSettings = {
				ASSETCATALOG_COMPILER_APPICON_NAME = AppIcon;
				CODE_SIGN_IDENTITY = "iPhone Developer";
				"CODE_SIGN_IDENTITY[sdk=iphoneos*]" = "iPhone Developer";
				GCC_PRECOMPILE_PREFIX_HEADER = YES;
				GCC_PREFIX_HEADER = "/Users/heavenli/Desktop/Demo程序/SwiftLogin/SwiftLogin/PrefixHeader.pch";
				INFOPLIST_FILE = SwiftLogin/Info.plist;
				IPHONEOS_DEPLOYMENT_TARGET = 8.0;
				LD_RUNPATH_SEARCH_PATHS = "$(inherited) @executable_path/Frameworks";
				PRODUCT_BUNDLE_IDENTIFIER = sfb.SwiftLogin;
				PRODUCT_NAME = "$(TARGET_NAME)";
				PROVISIONING_PROFILE = "";
				SWIFT_OBJC_BRIDGING_HEADER = "/Users/heavenli/Desktop/Demo程序/SwiftLogin/SwiftLogin/PrefixHeader.pch";
			};
			name = Release;
		};
		D53DBD8E1CFEB5C000FBF46B /* Debug */ = {
			isa = XCBuildConfiguration;
			buildSettings = {
				BUNDLE_LOADER = "$(TEST_HOST)";
				INFOPLIST_FILE = SwiftLoginTests/Info.plist;
				LD_RUNPATH_SEARCH_PATHS = "$(inherited) @executable_path/Frameworks @loader_path/Frameworks";
				PRODUCT_BUNDLE_IDENTIFIER = sfb.SwiftLoginTests;
				PRODUCT_NAME = "$(TARGET_NAME)";
				TEST_HOST = "$(BUILT_PRODUCTS_DIR)/SwiftLogin.app/SwiftLogin";
			};
			name = Debug;
		};
		D53DBD8F1CFEB5C000FBF46B /* Release */ = {
			isa = XCBuildConfiguration;
			buildSettings = {
				BUNDLE_LOADER = "$(TEST_HOST)";
				INFOPLIST_FILE = SwiftLoginTests/Info.plist;
				LD_RUNPATH_SEARCH_PATHS = "$(inherited) @executable_path/Frameworks @loader_path/Frameworks";
				PRODUCT_BUNDLE_IDENTIFIER = sfb.SwiftLoginTests;
				PRODUCT_NAME = "$(TARGET_NAME)";
				TEST_HOST = "$(BUILT_PRODUCTS_DIR)/SwiftLogin.app/SwiftLogin";
			};
			name = Release;
		};
		D53DBD911CFEB5C000FBF46B /* Debug */ = {
			isa = XCBuildConfiguration;
			buildSettings = {
				INFOPLIST_FILE = SwiftLoginUITests/Info.plist;
				LD_RUNPATH_SEARCH_PATHS = "$(inherited) @executable_path/Frameworks @loader_path/Frameworks";
				PRODUCT_BUNDLE_IDENTIFIER = sfb.SwiftLoginUITests;
				PRODUCT_NAME = "$(TARGET_NAME)";
				TEST_TARGET_NAME = SwiftLogin;
			};
			name = Debug;
		};
		D53DBD921CFEB5C000FBF46B /* Release */ = {
			isa = XCBuildConfiguration;
			buildSettings = {
				INFOPLIST_FILE = SwiftLoginUITests/Info.plist;
				LD_RUNPATH_SEARCH_PATHS = "$(inherited) @executable_path/Frameworks @loader_path/Frameworks";
				PRODUCT_BUNDLE_IDENTIFIER = sfb.SwiftLoginUITests;
				PRODUCT_NAME = "$(TARGET_NAME)";
				TEST_TARGET_NAME = SwiftLogin;
			};
			name = Release;
		};
/* End XCBuildConfiguration section */

/* Begin XCConfigurationList section */
		D53DBD5D1CFEB5C000FBF46B /* Build configuration list for PBXProject "SwiftLogin" */ = {
			isa = XCConfigurationList;
			buildConfigurations = (
				D53DBD881CFEB5C000FBF46B /* Debug */,
				D53DBD891CFEB5C000FBF46B /* Release */,
			);
			defaultConfigurationIsVisible = 0;
			defaultConfigurationName = Release;
		};
		D53DBD8A1CFEB5C000FBF46B /* Build configuration list for PBXNativeTarget "SwiftLogin" */ = {
			isa = XCConfigurationList;
			buildConfigurations = (
				D53DBD8B1CFEB5C000FBF46B /* Debug */,
				D53DBD8C1CFEB5C000FBF46B /* Release */,
			);
			defaultConfigurationIsVisible = 0;
			defaultConfigurationName = Release;
		};
		D53DBD8D1CFEB5C000FBF46B /* Build configuration list for PBXNativeTarget "SwiftLoginTests" */ = {
			isa = XCConfigurationList;
			buildConfigurations = (
				D53DBD8E1CFEB5C000FBF46B /* Debug */,
				D53DBD8F1CFEB5C000FBF46B /* Release */,
			);
			defaultConfigurationIsVisible = 0;
			defaultConfigurationName = Release;
		};
		D53DBD901CFEB5C000FBF46B /* Build configuration list for PBXNativeTarget "SwiftLoginUITests" */ = {
			isa = XCConfigurationList;
			buildConfigurations = (
				D53DBD911CFEB5C000FBF46B /* Debug */,
				D53DBD921CFEB5C000FBF46B /* Release */,
			);
			defaultConfigurationIsVisible = 0;
			defaultConfigurationName = Release;
		};
/* End XCConfigurationList section */
	};
	rootObject = D53DBD5A1CFEB5C000FBF46B /* Project object */;
}
